# This file is automatically @generated by Cargo.
# It is not intended for manual editing.
[[package]]
name = "odbc-sys"
version = "0.8.1"
source = "registry+https://github.com/rust-lang/crates.io-index"

[[package]]
name = "odbc-test"
version = "0.1.0"
dependencies = [
 "odbc-sys 0.8.1 (registry+https://github.com/rust-lang/crates.io-index)",
]

[metadata]
"checksum odbc-sys 0.8.1 (registry+https://github.com/rust-lang/crates.io-index)" = "43805ecfc4590bd54bb6d11c2347254a79fd22e0f74f7ad119c8f4725cb2618e"
